// !$*UTF8*$!
{
	archiveVersion = 1;
	classes = {
	};
	objectVersion = 56;
	objects = {

/* Begin PBXBuildFile section */
		327AE3F029FA4D1C00874B0A /* AppDelegate.swift in Sources */ = {isa = PBXBuildFile; fileRef = 327AE3EF29FA4D1C00874B0A /* AppDelegate.swift */; };
		327AE3F229FA4D1C00874B0A /* SceneDelegate.swift in Sources */ = {isa = PBXBuildFile; fileRef = 327AE3F129FA4D1C00874B0A /* SceneDelegate.swift */; };
		327AE3F429FA4D1C00874B0A /* ViewController.swift in Sources */ = {isa = PBXBuildFile; fileRef = 327AE3F329FA4D1C00874B0A /* ViewController.swift */; };
		327AE3F729FA4D1C00874B0A /* Main.storyboard in Resources */ = {isa = PBXBuildFile; fileRef = 327AE3F529FA4D1C00874B0A /* Main.storyboard */; };
		327AE3F929FA4D1E00874B0A /* Assets.xcassets in Resources */ = {isa = PBXBuildFile; fileRef = 327AE3F829FA4D1E00874B0A /* Assets.xcassets */; };
		327AE3FC29FA4D1E00874B0A /* LaunchScreen.storyboard in Resources */ = {isa = PBXBuildFile; fileRef = 327AE3FA29FA4D1E00874B0A /* LaunchScreen.storyboard */; };
		329A61A529FA62CB00BBAEC1 /* SnapKit in Frameworks */ = {isa = PBXBuildFile; productRef = 329A61A429FA62CB00BBAEC1 /* SnapKit */; };
		32D5767A29FC5A580013C09C /* CustomTableViewCell.swift in Sources */ = {isa = PBXBuildFile; fileRef = 32D5767929FC5A580013C09C /* CustomTableViewCell.swift */; };
		32D5767C29FC5C2B0013C09C /* SuperHero.swift in Sources */ = {isa = PBXBuildFile; fileRef = 32D5767B29FC5C2B0013C09C /* SuperHero.swift */; };
		32D5767E29FC5FFF0013C09C /* SuperHeroAPI.swift in Sources */ = {isa = PBXBuildFile; fileRef = 32D5767D29FC5FFF0013C09C /* SuperHeroAPI.swift */; };
		32F914C02A05163C0090EE8C /* SwiftFormat in Frameworks */ = {isa = PBXBuildFile; productRef = 32F914BF2A05163C0090EE8C /* SwiftFormat */; };
		32F914C42A0533490090EE8C /* .swiftformat in Resources */ = {isa = PBXBuildFile; fileRef = 32F914C32A0533490090EE8C /* .swiftformat */; };
		32F915602A08248F0090EE8C /* HeroDetalsViewController.swift in Sources */ = {isa = PBXBuildFile; fileRef = 32F9155F2A08248F0090EE8C /* HeroDetalsViewController.swift */; };
/* End PBXBuildFile section */

/* Begin PBXFileReference section */
		327AE3EC29FA4D1C00874B0A /* Marvel.app */ = {isa = PBXFileReference; explicitFileType = wrapper.application; includeInIndex = 0; path = Marvel.app; sourceTree = BUILT_PRODUCTS_DIR; };
		327AE3EF29FA4D1C00874B0A /* AppDelegate.swift */ = {isa = PBXFileReference; lastKnownFileType = sourcecode.swift; path = AppDelegate.swift; sourceTree = "<group>"; };
		327AE3F129FA4D1C00874B0A /* SceneDelegate.swift */ = {isa = PBXFileReference; lastKnownFileType = sourcecode.swift; path = SceneDelegate.swift; sourceTree = "<group>"; };
		327AE3F329FA4D1C00874B0A /* ViewController.swift */ = {isa = PBXFileReference; lastKnownFileType = sourcecode.swift; path = ViewController.swift; sourceTree = "<group>"; };
		327AE3F629FA4D1C00874B0A /* Base */ = {isa = PBXFileReference; lastKnownFileType = file.storyboard; name = Base; path = Base.lproj/Main.storyboard; sourceTree = "<group>"; };
		327AE3F829FA4D1E00874B0A /* Assets.xcassets */ = {isa = PBXFileReference; lastKnownFileType = folder.assetcatalog; path = Assets.xcassets; sourceTree = "<group>"; };
		327AE3FB29FA4D1E00874B0A /* Base */ = {isa = PBXFileReference; lastKnownFileType = file.storyboard; name = Base; path = Base.lproj/LaunchScreen.storyboard; sourceTree = "<group>"; };
		327AE3FD29FA4D1E00874B0A /* Info.plist */ = {isa = PBXFileReference; lastKnownFileType = text.plist.xml; path = Info.plist; sourceTree = "<group>"; };
		32D5767929FC5A580013C09C /* CustomTableViewCell.swift */ = {isa = PBXFileReference; lastKnownFileType = sourcecode.swift; path = CustomTableViewCell.swift; sourceTree = "<group>"; };
		32D5767B29FC5C2B0013C09C /* SuperHero.swift */ = {isa = PBXFileReference; lastKnownFileType = sourcecode.swift; path = SuperHero.swift; sourceTree = "<group>"; };
		32D5767D29FC5FFF0013C09C /* SuperHeroAPI.swift */ = {isa = PBXFileReference; lastKnownFileType = sourcecode.swift; path = SuperHeroAPI.swift; sourceTree = "<group>"; };
		32F914C32A0533490090EE8C /* .swiftformat */ = {isa = PBXFileReference; lastKnownFileType = text; path = .swiftformat; sourceTree = "<group>"; };
		32F9155F2A08248F0090EE8C /* HeroDetalsViewController.swift */ = {isa = PBXFileReference; lastKnownFileType = sourcecode.swift; path = HeroDetalsViewController.swift; sourceTree = "<group>"; };
/* End PBXFileReference section */

/* Begin PBXFrameworksBuildPhase section */
		327AE3E929FA4D1C00874B0A /* Frameworks */ = {
			isa = PBXFrameworksBuildPhase;
			buildActionMask = 2147483647;
			files = (
				329A61A529FA62CB00BBAEC1 /* SnapKit in Frameworks */,
				32F914C02A05163C0090EE8C /* SwiftFormat in Frameworks */,
			);
			runOnlyForDeploymentPostprocessing = 0;
		};
/* End PBXFrameworksBuildPhase section */

/* Begin PBXGroup section */
		327AE3E329FA4D1C00874B0A = {
			isa = PBXGroup;
			children = (
				32F914C32A0533490090EE8C /* .swiftformat */,
				327AE3EE29FA4D1C00874B0A /* Marvel */,
				327AE3ED29FA4D1C00874B0A /* Products */,
			);
			sourceTree = "<group>";
		};
		327AE3ED29FA4D1C00874B0A /* Products */ = {
			isa = PBXGroup;
			children = (
				327AE3EC29FA4D1C00874B0A /* Marvel.app */,
			);
			name = Products;
			sourceTree = "<group>";
		};
		327AE3EE29FA4D1C00874B0A /* Marvel */ = {
			isa = PBXGroup;
			children = (
				32F9155E2A0821490090EE8C /* Controller */,
				32F9155D2A0820880090EE8C /* Model */,
				32F9155C2A0820460090EE8C /* Views */,
				327AE3EF29FA4D1C00874B0A /* AppDelegate.swift */,
				327AE3F129FA4D1C00874B0A /* SceneDelegate.swift */,
				327AE3F529FA4D1C00874B0A /* Main.storyboard */,
				327AE3F829FA4D1E00874B0A /* Assets.xcassets */,
				327AE3FA29FA4D1E00874B0A /* LaunchScreen.storyboard */,
				327AE3FD29FA4D1E00874B0A /* Info.plist */,
			);
			path = Marvel;
			sourceTree = "<group>";
		};
		32F9155C2A0820460090EE8C /* Views */ = {
			isa = PBXGroup;
			children = (
				32D5767929FC5A580013C09C /* CustomTableViewCell.swift */,
			);
			path = Views;
			sourceTree = "<group>";
		};
		32F9155D2A0820880090EE8C /* Model */ = {
			isa = PBXGroup;
			children = (
				32D5767D29FC5FFF0013C09C /* SuperHeroAPI.swift */,
				32D5767B29FC5C2B0013C09C /* SuperHero.swift */,
			);
			path = Model;
			sourceTree = "<group>";
		};
		32F9155E2A0821490090EE8C /* Controller */ = {
			isa = PBXGroup;
			children = (
				327AE3F329FA4D1C00874B0A /* ViewController.swift */,
				32F9155F2A08248F0090EE8C /* HeroDetalsViewController.swift */,
			);
			path = Controller;
			sourceTree = "<group>";
		};
/* End PBXGroup section */

/* Begin PBXNativeTarget section */
		327AE3EB29FA4D1C00874B0A /* Marvel */ = {
			isa = PBXNativeTarget;
			buildConfigurationList = 327AE40029FA4D1E00874B0A /* Build configuration list for PBXNativeTarget "Marvel" */;
			buildPhases = (
				327AE3E829FA4D1C00874B0A /* Sources */,
				327AE3E929FA4D1C00874B0A /* Frameworks */,
				327AE3EA29FA4D1C00874B0A /* Resources */,
				32F914C12A051B0D0090EE8C /* SwiftFormat */,
			);
			buildRules = (
			);
			dependencies = (
			);
			name = Marvel;
			packageProductDependencies = (
				329A61A429FA62CB00BBAEC1 /* SnapKit */,
				32F914BF2A05163C0090EE8C /* SwiftFormat */,
			);
			productName = Marvel;
			productReference = 327AE3EC29FA4D1C00874B0A /* Marvel.app */;
			productType = "com.apple.product-type.application";
		};
/* End PBXNativeTarget section */

/* Begin PBXProject section */
		327AE3E429FA4D1C00874B0A /* Project object */ = {
			isa = PBXProject;
			attributes = {
				BuildIndependentTargetsInParallel = 1;
				LastSwiftUpdateCheck = 1420;
				LastUpgradeCheck = 1420;
				TargetAttributes = {
					327AE3EB29FA4D1C00874B0A = {
						CreatedOnToolsVersion = 14.2;
					};
				};
			};
			buildConfigurationList = 327AE3E729FA4D1C00874B0A /* Build configuration list for PBXProject "Marvel" */;
			compatibilityVersion = "Xcode 14.0";
			developmentRegion = en;
			hasScannedForEncodings = 0;
			knownRegions = (
				en,
				Base,
			);
			mainGroup = 327AE3E329FA4D1C00874B0A;
			packageReferences = (
				329A61A329FA62CB00BBAEC1 /* XCRemoteSwiftPackageReference "SnapKit" */,
				32F914BE2A05163C0090EE8C /* XCRemoteSwiftPackageReference "SwiftFormat" */,
			);
			productRefGroup = 327AE3ED29FA4D1C00874B0A /* Products */;
			projectDirPath = "";
			projectRoot = "";
			targets = (
				327AE3EB29FA4D1C00874B0A /* Marvel */,
			);
		};
/* End PBXProject section */

/* Begin PBXResourcesBuildPhase section */
		327AE3EA29FA4D1C00874B0A /* Resources */ = {
			isa = PBXResourcesBuildPhase;
			buildActionMask = 2147483647;
			files = (
				32F914C42A0533490090EE8C /* .swiftformat in Resources */,
				327AE3FC29FA4D1E00874B0A /* LaunchScreen.storyboard in Resources */,
				327AE3F929FA4D1E00874B0A /* Assets.xcassets in Resources */,
				327AE3F729FA4D1C00874B0A /* Main.storyboard in Resources */,
			);
			runOnlyForDeploymentPostprocessing = 0;
		};
/* End PBXResourcesBuildPhase section */

/* Begin PBXShellScriptBuildPhase section */
		32F914C12A051B0D0090EE8C /* SwiftFormat */ = {
			isa = PBXShellScriptBuildPhase;
			buildActionMask = 2147483647;
			files = (
			);
			inputFileListPaths = (
			);
			inputPaths = (
			);
			name = SwiftFormat;
			outputFileListPaths = (
			);
			outputPaths = (
			);
			runOnlyForDeploymentPostprocessing = 0;
			shellPath = /bin/sh;
			shellScript = "export PATH=\"$PATH:/opt/homebrew/bin\"\nif which swiftformat >/dev/null; then\n  swiftformat .\nelse\n  echo \"warning: SwiftFormat not installed, download from https://github.com/nicklockwood/SwiftFormat\"\nfi\n";
		};
/* End PBXShellScriptBuildPhase section */

/* Begin PBXSourcesBuildPhase section */
		327AE3E829FA4D1C00874B0A /* Sources */ = {
			isa = PBXSourcesBuildPhase;
			buildActionMask = 2147483647;
			files = (
				32D5767C29FC5C2B0013C09C /* SuperHero.swift in Sources */,
				327AE3F429FA4D1C00874B0A /* ViewController.swift in Sources */,
				327AE3F029FA4D1C00874B0A /* AppDelegate.swift in Sources */,
				32D5767A29FC5A580013C09C /* CustomTableViewCell.swift in Sources */,
				32D5767E29FC5FFF0013C09C /* SuperHeroAPI.swift in Sources */,
				327AE3F229FA4D1C00874B0A /* SceneDelegate.swift in Sources */,
				32F915602A08248F0090EE8C /* HeroDetalsViewController.swift in Sources */,
			);
			runOnlyForDeploymentPostprocessing = 0;
		};
/* End PBXSourcesBuildPhase section */

/* Begin PBXVariantGroup section */
		327AE3F529FA4D1C00874B0A /* Main.storyboard */ = {
			isa = PBXVariantGroup;
			children = (
				327AE3F629FA4D1C00874B0A /* Base */,
			);
			name = Main.storyboard;
			sourceTree = "<group>";
		};
		327AE3FA29FA4D1E00874B0A /* LaunchScreen.storyboard */ = {
			isa = PBXVariantGroup;
			children = (
				327AE3FB29FA4D1E00874B0A /* Base */,
			);
			name = LaunchScreen.storyboard;
			sourceTree = "<group>";
		};
/* End PBXVariantGroup section */

/* Begin XCBuildConfiguration section */
		327AE3FE29FA4D1E00874B0A /* Debug */ = {
			isa = XCBuildConfiguration;
			buildSettings = {
				ALWAYS_SEARCH_USER_PATHS = NO;
				CLANG_ANALYZER_NONNULL = YES;
				CLANG_ANALYZER_NUMBER_OBJECT_CONVERSION = YES_AGGRESSIVE;
				CLANG_CXX_LANGUAGE_STANDARD = "gnu++20";
				CLANG_ENABLE_MODULES = YES;
				CLANG_ENABLE_OBJC_ARC = YES;
				CLANG_ENABLE_OBJC_WEAK = YES;
				CLANG_WARN_BLOCK_CAPTURE_AUTORELEASING = YES;
				CLANG_WARN_BOOL_CONVERSION = YES;
				CLANG_WARN_COMMA = YES;
				CLANG_WARN_CONSTANT_CONVERSION = YES;
				CLANG_WARN_DEPRECATED_OBJC_IMPLEMENTATIONS = YES;
				CLANG_WARN_DIRECT_OBJC_ISA_USAGE = YES_ERROR;
				CLANG_WARN_DOCUMENTATION_COMMENTS = YES;
				CLANG_WARN_EMPTY_BODY = YES;
				CLANG_WARN_ENUM_CONVERSION = YES;
				CLANG_WARN_INFINITE_RECURSION = YES;
				CLANG_WARN_INT_CONVERSION = YES;
				CLANG_WARN_NON_LITERAL_NULL_CONVERSION = YES;
				CLANG_WARN_OBJC_IMPLICIT_RETAIN_SELF = YES;
				CLANG_WARN_OBJC_LITERAL_CONVERSION = YES;
				CLANG_WARN_OBJC_ROOT_CLASS = YES_ERROR;
				CLANG_WARN_QUOTED_INCLUDE_IN_FRAMEWORK_HEADER = YES;
				CLANG_WARN_RANGE_LOOP_ANALYSIS = YES;
				CLANG_WARN_STRICT_PROTOTYPES = YES;
				CLANG_WARN_SUSPICIOUS_MOVE = YES;
				CLANG_WARN_UNGUARDED_AVAILABILITY = YES_AGGRESSIVE;
				CLANG_WARN_UNREACHABLE_CODE = YES;
				CLANG_WARN__DUPLICATE_METHOD_MATCH = YES;
				COPY_PHASE_STRIP = NO;
				DEBUG_INFORMATION_FORMAT = dwarf;
				ENABLE_STRICT_OBJC_MSGSEND = YES;
				ENABLE_TESTABILITY = YES;
				GCC_C_LANGUAGE_STANDARD = gnu11;
				GCC_DYNAMIC_NO_PIC = NO;
				GCC_NO_COMMON_BLOCKS = YES;
				GCC_OPTIMIZATION_LEVEL = 0;
				GCC_PREPROCESSOR_DEFINITIONS = (
					"DEBUG=1",
					"$(inherited)",
				);
				GCC_WARN_64_TO_32_BIT_CONVERSION = YES;
				GCC_WARN_ABOUT_RETURN_TYPE = YES_ERROR;
				GCC_WARN_UNDECLARED_SELECTOR = YES;
				GCC_WARN_UNINITIALIZED_AUTOS = YES_AGGRESSIVE;
				GCC_WARN_UNUSED_FUNCTION = YES;
				GCC_WARN_UNUSED_VARIABLE = YES;
				IPHONEOS_DEPLOYMENT_TARGET = 16.2;
				MTL_ENABLE_DEBUG_INFO = INCLUDE_SOURCE;
				MTL_FAST_MATH = YES;
				ONLY_ACTIVE_ARCH = YES;
				SDKROOT = iphoneos;
				SWIFT_ACTIVE_COMPILATION_CONDITIONS = DEBUG;
				SWIFT_OPTIMIZATION_LEVEL = "-Onone";
			};
			name = Debug;
		};
		327AE3FF29FA4D1E00874B0A /* Release */ = {
			isa = XCBuildConfiguration;
			buildSettings = {
				ALWAYS_SEARCH_USER_PATHS = NO;
				CLANG_ANALYZER_NONNULL = YES;
				CLANG_ANALYZER_NUMBER_OBJECT_CONVERSION = YES_AGGRESSIVE;
				CLANG_CXX_LANGUAGE_STANDARD = "gnu++20";
				CLANG_ENABLE_MODULES = YES;
				CLANG_ENABLE_OBJC_ARC = YES;
				CLANG_ENABLE_OBJC_WEAK = YES;
				CLANG_WARN_BLOCK_CAPTURE_AUTORELEASING = YES;
				CLANG_WARN_BOOL_CONVERSION = YES;
				CLANG_WARN_COMMA = YES;
				CLANG_WARN_CONSTANT_CONVERSION = YES;
				CLANG_WARN_DEPRECATED_OBJC_IMPLEMENTATIONS = YES;
				CLANG_WARN_DIRECT_OBJC_ISA_USAGE = YES_ERROR;
				CLANG_WARN_DOCUMENTATION_COMMENTS = YES;
				CLANG_WARN_EMPTY_BODY = YES;
				CLANG_WARN_ENUM_CONVERSION = YES;
				CLANG_WARN_INFINITE_RECURSION = YES;
				CLANG_WARN_INT_CONVERSION = YES;
				CLANG_WARN_NON_LITERAL_NULL_CONVERSION = YES;
				CLANG_WARN_OBJC_IMPLICIT_RETAIN_SELF = YES;
				CLANG_WARN_OBJC_LITERAL_CONVERSION = YES;
				CLANG_WARN_OBJC_ROOT_CLASS = YES_ERROR;
				CLANG_WARN_QUOTED_INCLUDE_IN_FRAMEWORK_HEADER = YES;
				CLANG_WARN_RANGE_LOOP_ANALYSIS = YES;
				CLANG_WARN_STRICT_PROTOTYPES = YES;
				CLANG_WARN_SUSPICIOUS_MOVE = YES;
				CLANG_WARN_UNGUARDED_AVAILABILITY = YES_AGGRESSIVE;
				CLANG_WARN_UNREACHABLE_CODE = YES;
				CLANG_WARN__DUPLICATE_METHOD_MATCH = YES;
				COPY_PHASE_STRIP = NO;
				DEBUG_INFORMATION_FORMAT = "dwarf-with-dsym";
				ENABLE_NS_ASSERTIONS = NO;
				ENABLE_STRICT_OBJC_MSGSEND = YES;
				GCC_C_LANGUAGE_STANDARD = gnu11;
				GCC_NO_COMMON_BLOCKS = YES;
				GCC_WARN_64_TO_32_BIT_CONVERSION = YES;
				GCC_WARN_ABOUT_RETURN_TYPE = YES_ERROR;
				GCC_WARN_UNDECLARED_SELECTOR = YES;
				GCC_WARN_UNINITIALIZED_AUTOS = YES_AGGRESSIVE;
				GCC_WARN_UNUSED_FUNCTION = YES;
				GCC_WARN_UNUSED_VARIABLE = YES;
				IPHONEOS_DEPLOYMENT_TARGET = 16.2;
				MTL_ENABLE_DEBUG_INFO = NO;
				MTL_FAST_MATH = YES;
				SDKROOT = iphoneos;
				SWIFT_COMPILATION_MODE = wholemodule;
				SWIFT_OPTIMIZATION_LEVEL = "-O";
				VALIDATE_PRODUCT = YES;
			};
			name = Release;
		};
		327AE40129FA4D1E00874B0A /* Debug */ = {
			isa = XCBuildConfiguration;
			buildSettings = {
				ASSETCATALOG_COMPILER_APPICON_NAME = AppIcon;
				ASSETCATALOG_COMPILER_GLOBAL_ACCENT_COLOR_NAME = AccentColor;
				CODE_SIGN_STYLE = Automatic;
				CURRENT_PROJECT_VERSION = 1;
				GENERATE_INFOPLIST_FILE = YES;
				INFOPLIST_FILE = Marvel/Info.plist;
				INFOPLIST_KEY_UIApplicationSupportsIndirectInputEvents = YES;
				INFOPLIST_KEY_UILaunchStoryboardName = LaunchScreen;
				INFOPLIST_KEY_UIMainStoryboardFile = Main;
				INFOPLIST_KEY_UISupportedInterfaceOrientations_iPad = "UIInterfaceOrientationPortrait UIInterfaceOrientationPortraitUpsideDown UIInterfaceOrientationLandscapeLeft UIInterfaceOrientationLandscapeRight";
				INFOPLIST_KEY_UISupportedInterfaceOrientations_iPhone = "UIInterfaceOrientationPortrait UIInterfaceOrientationLandscapeLeft UIInterfaceOrientationLandscapeRight";
				LD_RUNPATH_SEARCH_PATHS = (
					"$(inherited)",
					"@executable_path/Frameworks",
				);
				MARKETING_VERSION = 1.0;
				PRODUCT_BUNDLE_IDENTIFIER = da.Marvel;
				PRODUCT_NAME = "$(TARGET_NAME)";
				SWIFT_EMIT_LOC_STRINGS = YES;
				SWIFT_VERSION = 5.0;
				TARGETED_DEVICE_FAMILY = "1,2";
			};
			name = Debug;
		};
		327AE40229FA4D1E00874B0A /* Release */ = {
			isa = XCBuildConfiguration;
			buildSettings = {
				ASSETCATALOG_COMPILER_APPICON_NAME = AppIcon;
				ASSETCATALOG_COMPILER_GLOBAL_ACCENT_COLOR_NAME = AccentColor;
				CODE_SIGN_STYLE = Automatic;
				CURRENT_PROJECT_VERSION = 1;
				GENERATE_INFOPLIST_FILE = YES;
				INFOPLIST_FILE = Marvel/Info.plist;
				INFOPLIST_KEY_UIApplicationSupportsIndirectInputEvents = YES;
				INFOPLIST_KEY_UILaunchStoryboardName = LaunchScreen;
				INFOPLIST_KEY_UIMainStoryboardFile = Main;
				INFOPLIST_KEY_UISupportedInterfaceOrientations_iPad = "UIInterfaceOrientationPortrait UIInterfaceOrientationPortraitUpsideDown UIInterfaceOrientationLandscapeLeft UIInterfaceOrientationLandscapeRight";
				INFOPLIST_KEY_UISupportedInterfaceOrientations_iPhone = "UIInterfaceOrientationPortrait UIInterfaceOrientationLandscapeLeft UIInterfaceOrientationLandscapeRight";
				LD_RUNPATH_SEARCH_PATHS = (
					"$(inherited)",
					"@executable_path/Frameworks",
				);
				MARKETING_VERSION = 1.0;
				PRODUCT_BUNDLE_IDENTIFIER = da.Marvel;
				PRODUCT_NAME = "$(TARGET_NAME)";
				SWIFT_EMIT_LOC_STRINGS = YES;
				SWIFT_VERSION = 5.0;
				TARGETED_DEVICE_FAMILY = "1,2";
			};
			name = Release;
		};
/* End XCBuildConfiguration section */

/* Begin XCConfigurationList section */
		327AE3E729FA4D1C00874B0A /* Build configuration list for PBXProject "Marvel" */ = {
			isa = XCConfigurationList;
			buildConfigurations = (
				327AE3FE29FA4D1E00874B0A /* Debug */,
				327AE3FF29FA4D1E00874B0A /* Release */,
			);
			defaultConfigurationIsVisible = 0;
			defaultConfigurationName = Release;
		};
		327AE40029FA4D1E00874B0A /* Build configuration list for PBXNativeTarget "Marvel" */ = {
			isa = XCConfigurationList;
			buildConfigurations = (
				327AE40129FA4D1E00874B0A /* Debug */,
				327AE40229FA4D1E00874B0A /* Release */,
			);
			defaultConfigurationIsVisible = 0;
			defaultConfigurationName = Release;
		};
/* End XCConfigurationList section */

/* Begin XCRemoteSwiftPackageReference section */
		329A61A329FA62CB00BBAEC1 /* XCRemoteSwiftPackageReference "SnapKit" */ = {
			isa = XCRemoteSwiftPackageReference;
			repositoryURL = "https://github.com/SnapKit/SnapKit.git";
			requirement = {
				kind = upToNextMajorVersion;
				minimumVersion = 5.0.0;
			};
		};
		32F914BE2A05163C0090EE8C /* XCRemoteSwiftPackageReference "SwiftFormat" */ = {
			isa = XCRemoteSwiftPackageReference;
			repositoryURL = "https://github.com/nicklockwood/SwiftFormat";
			requirement = {
				kind = upToNextMajorVersion;
				minimumVersion = 0.9.6;
			};
		};
/* End XCRemoteSwiftPackageReference section */

/* Begin XCSwiftPackageProductDependency section */
		329A61A429FA62CB00BBAEC1 /* SnapKit */ = {
			isa = XCSwiftPackageProductDependency;
			package = 329A61A329FA62CB00BBAEC1 /* XCRemoteSwiftPackageReference "SnapKit" */;
			productName = SnapKit;
		};
		32F914BF2A05163C0090EE8C /* SwiftFormat */ = {
			isa = XCSwiftPackageProductDependency;
			package = 32F914BE2A05163C0090EE8C /* XCRemoteSwiftPackageReference "SwiftFormat" */;
			productName = SwiftFormat;
		};
/* End XCSwiftPackageProductDependency section */
	};
	rootObject = 327AE3E429FA4D1C00874B0A /* Project object */;
}
